
Microsoft Visual Studio Solution File, Format Version 12.00
# Visual Studio Version 17
VisualStudioVersion = 17.3.32901.215
MinimumVisualStudioVersion = 10.0.40219.1
Project("{FAE04EC0-301F-11D3-BF4B-00C04F79EFBC}") = "meuprimeiroprojeto", "meuprimeiroprojeto\meuprimeiroprojeto.csproj", "{C00315CC-787B-4603-8710-23BF930C3B7D}"
EndProject
Global
	GlobalSection(SolutionConfigurationPlatforms) = preSolution
		Debug|Any CPU = Debug|Any CPU
		Release|Any CPU = Release|Any CPU
	EndGlobalSection
	GlobalSection(ProjectConfigurationPlatforms) = postSolution
		{C00315CC-787B-4603-8710-23BF930C3B7D}.Debug|Any CPU.ActiveCfg = Debug|Any CPU
		{C00315CC-787B-4603-8710-23BF930C3B7D}.Debug|Any CPU.Build.0 = Debug|Any CPU
		{C00315CC-787B-4603-8710-23BF930C3B7D}.Release|Any CPU.ActiveCfg = Release|Any CPU
		{C00315CC-787B-4603-8710-23BF930C3B7D}.Release|Any CPU.Build.0 = Release|Any CPU
	EndGlobalSection
	GlobalSection(SolutionProperties) = preSolution
		HideSolutionNode = FALSE
	EndGlobalSection
	GlobalSection(ExtensibilityGlobals) = postSolution
		SolutionGuid = {70AEAA60-538A-4B65-B26A-497BACBC94CE}
	EndGlobalSection
EndGlobal
