
Microsoft Visual Studio Solution File, Format Version 12.00
# Visual Studio Version 17
VisualStudioVersion = 17.3.32901.215
MinimumVisualStudioVersion = 10.0.40219.1
Project("{FAE04EC0-301F-11D3-BF4B-00C04F79EFBC}") = "WinFormsApp16", "WinFormsApp16\WinFormsApp16.csproj", "{44BE4F03-6520-405E-B686-1CC3CDA63F40}"
EndProject
Global
	GlobalSection(SolutionConfigurationPlatforms) = preSolution
		Debug|Any CPU = Debug|Any CPU
		Release|Any CPU = Release|Any CPU
	EndGlobalSection
	GlobalSection(ProjectConfigurationPlatforms) = postSolution
		{44BE4F03-6520-405E-B686-1CC3CDA63F40}.Debug|Any CPU.ActiveCfg = Debug|Any CPU
		{44BE4F03-6520-405E-B686-1CC3CDA63F40}.Debug|Any CPU.Build.0 = Debug|Any CPU
		{44BE4F03-6520-405E-B686-1CC3CDA63F40}.Release|Any CPU.ActiveCfg = Release|Any CPU
		{44BE4F03-6520-405E-B686-1CC3CDA63F40}.Release|Any CPU.Build.0 = Release|Any CPU
	EndGlobalSection
	GlobalSection(SolutionProperties) = preSolution
		HideSolutionNode = FALSE
	EndGlobalSection
	GlobalSection(ExtensibilityGlobals) = postSolution
		SolutionGuid = {C3B88329-7424-4DE1-8A8C-6A1E0C9C283E}
	EndGlobalSection
EndGlobal
