
Microsoft Visual Studio Solution File, Format Version 12.00
# Visual Studio Version 17
VisualStudioVersion = 17.3.32901.215
MinimumVisualStudioVersion = 10.0.40219.1
Project("{FAE04EC0-301F-11D3-BF4B-00C04F79EFBC}") = "WinFormsApp15", "WinFormsApp15\WinFormsApp15.csproj", "{334B2E94-9E86-4EB4-AC78-A2EC3BBB084D}"
EndProject
Global
	GlobalSection(SolutionConfigurationPlatforms) = preSolution
		Debug|Any CPU = Debug|Any CPU
		Release|Any CPU = Release|Any CPU
	EndGlobalSection
	GlobalSection(ProjectConfigurationPlatforms) = postSolution
		{334B2E94-9E86-4EB4-AC78-A2EC3BBB084D}.Debug|Any CPU.ActiveCfg = Debug|Any CPU
		{334B2E94-9E86-4EB4-AC78-A2EC3BBB084D}.Debug|Any CPU.Build.0 = Debug|Any CPU
		{334B2E94-9E86-4EB4-AC78-A2EC3BBB084D}.Release|Any CPU.ActiveCfg = Release|Any CPU
		{334B2E94-9E86-4EB4-AC78-A2EC3BBB084D}.Release|Any CPU.Build.0 = Release|Any CPU
	EndGlobalSection
	GlobalSection(SolutionProperties) = preSolution
		HideSolutionNode = FALSE
	EndGlobalSection
	GlobalSection(ExtensibilityGlobals) = postSolution
		SolutionGuid = {92EC6305-7EA5-4472-8B41-63235111282C}
	EndGlobalSection
EndGlobal
