
Microsoft Visual Studio Solution File, Format Version 12.00
# Visual Studio Version 17
VisualStudioVersion = 17.3.32901.215
MinimumVisualStudioVersion = 10.0.40219.1
Project("{FAE04EC0-301F-11D3-BF4B-00C04F79EFBC}") = "WinFormsApp5", "WinFormsApp5\WinFormsApp5.csproj", "{93138DF2-4EFF-4A56-9383-8B576FFCD701}"
EndProject
Global
	GlobalSection(SolutionConfigurationPlatforms) = preSolution
		Debug|Any CPU = Debug|Any CPU
		Release|Any CPU = Release|Any CPU
	EndGlobalSection
	GlobalSection(ProjectConfigurationPlatforms) = postSolution
		{93138DF2-4EFF-4A56-9383-8B576FFCD701}.Debug|Any CPU.ActiveCfg = Debug|Any CPU
		{93138DF2-4EFF-4A56-9383-8B576FFCD701}.Debug|Any CPU.Build.0 = Debug|Any CPU
		{93138DF2-4EFF-4A56-9383-8B576FFCD701}.Release|Any CPU.ActiveCfg = Release|Any CPU
		{93138DF2-4EFF-4A56-9383-8B576FFCD701}.Release|Any CPU.Build.0 = Release|Any CPU
	EndGlobalSection
	GlobalSection(SolutionProperties) = preSolution
		HideSolutionNode = FALSE
	EndGlobalSection
	GlobalSection(ExtensibilityGlobals) = postSolution
		SolutionGuid = {F7C8C851-E70A-4839-B74F-C998B1432F83}
	EndGlobalSection
EndGlobal
