
Microsoft Visual Studio Solution File, Format Version 12.00
# Visual Studio Version 17
VisualStudioVersion = 17.3.32901.215
MinimumVisualStudioVersion = 10.0.40219.1
Project("{FAE04EC0-301F-11D3-BF4B-00C04F79EFBC}") = "WinFormsApp1", "WinFormsApp1\WinFormsApp1.csproj", "{38E38C4A-FD53-4A25-AE1B-0F54C5B12E70}"
EndProject
Global
	GlobalSection(SolutionConfigurationPlatforms) = preSolution
		Debug|Any CPU = Debug|Any CPU
		Release|Any CPU = Release|Any CPU
	EndGlobalSection
	GlobalSection(ProjectConfigurationPlatforms) = postSolution
		{38E38C4A-FD53-4A25-AE1B-0F54C5B12E70}.Debug|Any CPU.ActiveCfg = Debug|Any CPU
		{38E38C4A-FD53-4A25-AE1B-0F54C5B12E70}.Debug|Any CPU.Build.0 = Debug|Any CPU
		{38E38C4A-FD53-4A25-AE1B-0F54C5B12E70}.Release|Any CPU.ActiveCfg = Release|Any CPU
		{38E38C4A-FD53-4A25-AE1B-0F54C5B12E70}.Release|Any CPU.Build.0 = Release|Any CPU
	EndGlobalSection
	GlobalSection(SolutionProperties) = preSolution
		HideSolutionNode = FALSE
	EndGlobalSection
	GlobalSection(ExtensibilityGlobals) = postSolution
		SolutionGuid = {285CAA40-B43E-48B5-A902-611EE34765F4}
	EndGlobalSection
EndGlobal
