
Microsoft Visual Studio Solution File, Format Version 12.00
# Visual Studio Version 17
VisualStudioVersion = 17.3.32901.215
MinimumVisualStudioVersion = 10.0.40219.1
Project("{FAE04EC0-301F-11D3-BF4B-00C04F79EFBC}") = "WinFormsApp11", "WinFormsApp11\WinFormsApp11.csproj", "{1C13B60E-9624-48EF-B922-12060BC5FD01}"
EndProject
Global
	GlobalSection(SolutionConfigurationPlatforms) = preSolution
		Debug|Any CPU = Debug|Any CPU
		Release|Any CPU = Release|Any CPU
	EndGlobalSection
	GlobalSection(ProjectConfigurationPlatforms) = postSolution
		{1C13B60E-9624-48EF-B922-12060BC5FD01}.Debug|Any CPU.ActiveCfg = Debug|Any CPU
		{1C13B60E-9624-48EF-B922-12060BC5FD01}.Debug|Any CPU.Build.0 = Debug|Any CPU
		{1C13B60E-9624-48EF-B922-12060BC5FD01}.Release|Any CPU.ActiveCfg = Release|Any CPU
		{1C13B60E-9624-48EF-B922-12060BC5FD01}.Release|Any CPU.Build.0 = Release|Any CPU
	EndGlobalSection
	GlobalSection(SolutionProperties) = preSolution
		HideSolutionNode = FALSE
	EndGlobalSection
	GlobalSection(ExtensibilityGlobals) = postSolution
		SolutionGuid = {6721E444-F16D-42AC-8F65-1B8EFAB3B208}
	EndGlobalSection
EndGlobal
