
Microsoft Visual Studio Solution File, Format Version 12.00
# Visual Studio Version 17
VisualStudioVersion = 17.3.32901.215
MinimumVisualStudioVersion = 10.0.40219.1
Project("{FAE04EC0-301F-11D3-BF4B-00C04F79EFBC}") = "ConsoleApp2", "ConsoleApp2\ConsoleApp2.csproj", "{64D2CA5E-44F4-41D8-B23D-81FBC1DCB686}"
EndProject
Global
	GlobalSection(SolutionConfigurationPlatforms) = preSolution
		Debug|Any CPU = Debug|Any CPU
		Release|Any CPU = Release|Any CPU
	EndGlobalSection
	GlobalSection(ProjectConfigurationPlatforms) = postSolution
		{64D2CA5E-44F4-41D8-B23D-81FBC1DCB686}.Debug|Any CPU.ActiveCfg = Debug|Any CPU
		{64D2CA5E-44F4-41D8-B23D-81FBC1DCB686}.Debug|Any CPU.Build.0 = Debug|Any CPU
		{64D2CA5E-44F4-41D8-B23D-81FBC1DCB686}.Release|Any CPU.ActiveCfg = Release|Any CPU
		{64D2CA5E-44F4-41D8-B23D-81FBC1DCB686}.Release|Any CPU.Build.0 = Release|Any CPU
	EndGlobalSection
	GlobalSection(SolutionProperties) = preSolution
		HideSolutionNode = FALSE
	EndGlobalSection
	GlobalSection(ExtensibilityGlobals) = postSolution
		SolutionGuid = {CC36D15A-1D0B-4A4D-AEF9-62B27A68356F}
	EndGlobalSection
EndGlobal
