
Microsoft Visual Studio Solution File, Format Version 12.00
# Visual Studio Version 17
VisualStudioVersion = 17.3.32901.215
MinimumVisualStudioVersion = 10.0.40219.1
Project("{FAE04EC0-301F-11D3-BF4B-00C04F79EFBC}") = "WinFormsApp7", "WinFormsApp7\WinFormsApp7.csproj", "{98AC2BF5-782F-494A-AC3C-5E4B5EAC64D6}"
EndProject
Global
	GlobalSection(SolutionConfigurationPlatforms) = preSolution
		Debug|Any CPU = Debug|Any CPU
		Release|Any CPU = Release|Any CPU
	EndGlobalSection
	GlobalSection(ProjectConfigurationPlatforms) = postSolution
		{98AC2BF5-782F-494A-AC3C-5E4B5EAC64D6}.Debug|Any CPU.ActiveCfg = Debug|Any CPU
		{98AC2BF5-782F-494A-AC3C-5E4B5EAC64D6}.Debug|Any CPU.Build.0 = Debug|Any CPU
		{98AC2BF5-782F-494A-AC3C-5E4B5EAC64D6}.Release|Any CPU.ActiveCfg = Release|Any CPU
		{98AC2BF5-782F-494A-AC3C-5E4B5EAC64D6}.Release|Any CPU.Build.0 = Release|Any CPU
	EndGlobalSection
	GlobalSection(SolutionProperties) = preSolution
		HideSolutionNode = FALSE
	EndGlobalSection
	GlobalSection(ExtensibilityGlobals) = postSolution
		SolutionGuid = {FF64EC92-89B2-41BD-B8BA-AFCC4B05E770}
	EndGlobalSection
EndGlobal
